
Microsoft Visual Studio Solution File, Format Version 12.00
# Visual Studio 14
VisualStudioVersion = 14.0.24720.0
MinimumVisualStudioVersion = 10.0.40219.1
Project("{9092AA53-FB77-4645-B42D-1CCCA6BD08BD}") = "chatroom1", "chatroom1\chatroom1.njsproj", "{84422352-A645-48FF-9301-FF878EDE15CF}"
EndProject
Global
	GlobalSection(SolutionConfigurationPlatforms) = preSolution
		Debug|Any CPU = Debug|Any CPU
		Release|Any CPU = Release|Any CPU
	EndGlobalSection
	GlobalSection(ProjectConfigurationPlatforms) = postSolution
		{84422352-A645-48FF-9301-FF878EDE15CF}.Debug|Any CPU.ActiveCfg = Debug|Any CPU
		{84422352-A645-48FF-9301-FF878EDE15CF}.Debug|Any CPU.Build.0 = Debug|Any CPU
		{84422352-A645-48FF-9301-FF878EDE15CF}.Release|Any CPU.ActiveCfg = Release|Any CPU
		{84422352-A645-48FF-9301-FF878EDE15CF}.Release|Any CPU.Build.0 = Release|Any CPU
	EndGlobalSection
	GlobalSection(SolutionProperties) = preSolution
		HideSolutionNode = FALSE
	EndGlobalSection
EndGlobal
